{
  "name": "licy",
  "lockfileVersion": 2,
  "requires": true,
  "packages": {
    "": {
      "dependencies": {
        "hexo-generator-cname": "^0.3.0"
      }
    },
    "node_modules/hexo-generator-cname": {
      "version": "0.3.0",
      "resolved": "https://registry.npmjs.org/hexo-generator-cname/-/hexo-generator-cname-0.3.0.tgz",
      "integrity": "sha1-nerViuVozPtOqa7ihxXgk2WNLQk=",
      "engines": {
        "hexo": ">= 1.0.x",
        "node": ">= 0.8.x"
      }
    }
  },
  "dependencies": {
    "hexo-generator-cname": {
      "version": "0.3.0",
      "resolved": "https://registry.npmjs.org/hexo-generator-cname/-/hexo-generator-cname-0.3.0.tgz",
      "integrity": "sha1-nerViuVozPtOqa7ihxXgk2WNLQk="
    }
  }
}
